
Microsoft Visual Studio Solution File, Format Version 12.00
# Visual Studio Version 17
VisualStudioVersion = 17.1.32407.343
MinimumVisualStudioVersion = 10.0.40219.1
Project("{9A19103F-16F7-4668-BE54-9A1E7A4F7556}") = "BaSta.Core", "BaSta.Core\BaSta.Core.csproj", "{B225B492-A38E-4094-BB60-1B128D91D312}"
EndProject
Project("{9A19103F-16F7-4668-BE54-9A1E7A4F7556}") = "BaSta.Game", "BaSta.Game\BaSta.Game.csproj", "{3F311B33-ED77-4968-A9FE-994A9998A8CF}"
EndProject
Project("{9A19103F-16F7-4668-BE54-9A1E7A4F7556}") = "BaSta.Layout", "BaSta.Layout\BaSta.Layout.csproj", "{9B3DCD89-D75C-4796-BBB0-400D1B68BD6C}"
EndProject
Project("{9A19103F-16F7-4668-BE54-9A1E7A4F7556}") = "BaSta.Link.Bodet", "BaSta.Link.Bodet\BaSta.Link.Bodet.csproj", "{27292A4C-D19D-48FA-8A39-45A3597C85B1}"
EndProject
Project("{9A19103F-16F7-4668-BE54-9A1E7A4F7556}") = "BaSta.Link.Core", "BaSta.Link.Core\BaSta.Link.Core.csproj", "{09C8CD24-FFF0-48F2-8647-C1C4A4467B40}"
EndProject
Project("{9A19103F-16F7-4668-BE54-9A1E7A4F7556}") = "BaSta.Link.Stramatel", "BaSta.Link.Stramatel\BaSta.Link.Stramatel.csproj", "{9C680EE9-3004-4F0F-A997-F1371979703C}"
EndProject
Project("{9A19103F-16F7-4668-BE54-9A1E7A4F7556}") = "BaSta.Link.SwissTiming", "BaSta.Link.SwissTiming\BaSta.Link.SwissTiming.csproj", "{F0940B23-3571-4752-AB6D-0124DBC80663}"
EndProject
Project("{9A19103F-16F7-4668-BE54-9A1E7A4F7556}") = "BaSta.Link.Wige", "BaSta.Link.Wige\BaSta.Link.Wige.csproj", "{7816BF2D-1D9A-429C-A5FA-C80513733A53}"
EndProject
Project("{9A19103F-16F7-4668-BE54-9A1E7A4F7556}") = "BaSta.Model", "BaSta.Model\BaSta.Model.csproj", "{CB4741C0-8B86-48E3-B423-D56A101622E4}"
EndProject
Project("{9A19103F-16F7-4668-BE54-9A1E7A4F7556}") = "BaSta.Model.Tests", "BaSta.Model.Tests\BaSta.Model.Tests.csproj", "{861B903D-4FFC-426A-8FB2-531E8B4A3A94}"
EndProject
Project("{9A19103F-16F7-4668-BE54-9A1E7A4F7556}") = "BaSta.Protocol.Bodet", "BaSta.Protocol.Bodet\BaSta.Protocol.Bodet.csproj", "{41A67FD0-39EA-4CFB-ACA9-100714192F28}"
EndProject
Project("{9A19103F-16F7-4668-BE54-9A1E7A4F7556}") = "BaSta.Protocol.Bodet.Tests", "BaSta.Protocol.Bodet.Tests\BaSta.Protocol.Bodet.Tests.csproj", "{D04649B6-253D-45BF-9C17-E6A4E6276778}"
EndProject
Project("{9A19103F-16F7-4668-BE54-9A1E7A4F7556}") = "BaSta.Protocol.Nautronic", "BaSta.Protocol.Nautronic\BaSta.Protocol.Nautronic.csproj", "{29563E91-82DA-47CB-B582-D21E97FD820D}"
EndProject
Project("{9A19103F-16F7-4668-BE54-9A1E7A4F7556}") = "BaSta.Protocol.Stramatel", "BaSta.Protocol.Stramatel\BaSta.Protocol.Stramatel.csproj", "{6E9ACC4D-0E1A-4528-9F9E-4DB97B2C54B1}"
EndProject
Project("{9A19103F-16F7-4668-BE54-9A1E7A4F7556}") = "BaSta.Protocol.Stramatel.Tests", "BaSta.Protocol.Stramatel.Tests\BaSta.Protocol.Stramatel.Tests.csproj", "{88EF8003-60C8-43A4-ABF2-F3CDF1DB153C}"
EndProject
Project("{9A19103F-16F7-4668-BE54-9A1E7A4F7556}") = "BaSta.Protocol.Wige", "BaSta.Protocol.Wige\BaSta.Protocol.Wige.csproj", "{DFF9EF69-9F4E-43BB-B5F3-36DBD2D91958}"
EndProject
Project("{9A19103F-16F7-4668-BE54-9A1E7A4F7556}") = "BaSta.Protocol.Wige.Tests", "BaSta.Protocol.Wige.Tests\BaSta.Protocol.Wige.Tests.csproj", "{5EAFC446-1006-4164-AC13-4D70ACA56C89}"
EndProject
Project("{9A19103F-16F7-4668-BE54-9A1E7A4F7556}") = "BaSta.Scoreboard", "BaSta.Scoreboard\BaSta.Scoreboard.csproj", "{CB5A3BCD-C920-48C0-8B15-751B94BF16AE}"
EndProject
Project("{9A19103F-16F7-4668-BE54-9A1E7A4F7556}") = "BaSta.Tests", "BaSta.Tests\BaSta.Tests.csproj", "{39121BC4-50AB-4AB1-842A-FE956793983B}"
EndProject
Project("{9A19103F-16F7-4668-BE54-9A1E7A4F7556}") = "BaSta.TimeSync", "BaSta.TimeSync\BaSta.TimeSync.csproj", "{AA5E98A5-8B33-4645-88ED-610745E74807}"
EndProject
Project("{9A19103F-16F7-4668-BE54-9A1E7A4F7556}") = "BaSta.Model.UI", "BaSta.Model.UI\BaSta.Model.UI.csproj", "{E9E5A542-AE7A-432B-A7EA-B41D71BEFED1}"
EndProject
Project("{2150E333-8FDC-42A3-9474-1A3956D46DE8}") = "Modules", "Modules", "{CFFE1FF7-59F5-4DE9-A328-58203F6F7DF2}"
EndProject
Project("{2150E333-8FDC-42A3-9474-1A3956D46DE8}") = "Tests", "Tests", "{7D3ED201-392C-47DB-B601-B6B191378738}"
EndProject
Project("{9A19103F-16F7-4668-BE54-9A1E7A4F7556}") = "BaSta.MVVM", "BaSta.MVVM\BaSta.MVVM.csproj", "{1836236F-621C-4B24-AB7A-2D076C3C1C52}"
EndProject
Project("{FAE04EC0-301F-11D3-BF4B-00C04F79EFBC}") = "BaSta.Control.StreamDeck", "BaSta.Control.StreamDeck\BaSta.Control.StreamDeck.csproj", "{DA9BFE2C-5D02-435B-BFA8-6E1B3C47AFD0}"
EndProject
Global
	GlobalSection(SolutionConfigurationPlatforms) = preSolution
		Debug|Any CPU = Debug|Any CPU
		Release|Any CPU = Release|Any CPU
	EndGlobalSection
	GlobalSection(ProjectConfigurationPlatforms) = postSolution
		{B225B492-A38E-4094-BB60-1B128D91D312}.Debug|Any CPU.ActiveCfg = Debug|Any CPU
		{B225B492-A38E-4094-BB60-1B128D91D312}.Debug|Any CPU.Build.0 = Debug|Any CPU
		{B225B492-A38E-4094-BB60-1B128D91D312}.Release|Any CPU.ActiveCfg = Release|Any CPU
		{B225B492-A38E-4094-BB60-1B128D91D312}.Release|Any CPU.Build.0 = Release|Any CPU
		{3F311B33-ED77-4968-A9FE-994A9998A8CF}.Debug|Any CPU.ActiveCfg = Debug|Any CPU
		{3F311B33-ED77-4968-A9FE-994A9998A8CF}.Debug|Any CPU.Build.0 = Debug|Any CPU
		{3F311B33-ED77-4968-A9FE-994A9998A8CF}.Release|Any CPU.ActiveCfg = Release|Any CPU
		{3F311B33-ED77-4968-A9FE-994A9998A8CF}.Release|Any CPU.Build.0 = Release|Any CPU
		{9B3DCD89-D75C-4796-BBB0-400D1B68BD6C}.Debug|Any CPU.ActiveCfg = Debug|Any CPU
		{9B3DCD89-D75C-4796-BBB0-400D1B68BD6C}.Debug|Any CPU.Build.0 = Debug|Any CPU
		{9B3DCD89-D75C-4796-BBB0-400D1B68BD6C}.Release|Any CPU.ActiveCfg = Release|Any CPU
		{9B3DCD89-D75C-4796-BBB0-400D1B68BD6C}.Release|Any CPU.Build.0 = Release|Any CPU
		{27292A4C-D19D-48FA-8A39-45A3597C85B1}.Debug|Any CPU.ActiveCfg = Debug|Any CPU
		{27292A4C-D19D-48FA-8A39-45A3597C85B1}.Debug|Any CPU.Build.0 = Debug|Any CPU
		{27292A4C-D19D-48FA-8A39-45A3597C85B1}.Release|Any CPU.ActiveCfg = Release|Any CPU
		{27292A4C-D19D-48FA-8A39-45A3597C85B1}.Release|Any CPU.Build.0 = Release|Any CPU
		{09C8CD24-FFF0-48F2-8647-C1C4A4467B40}.Debug|Any CPU.ActiveCfg = Debug|Any CPU
		{09C8CD24-FFF0-48F2-8647-C1C4A4467B40}.Debug|Any CPU.Build.0 = Debug|Any CPU
		{09C8CD24-FFF0-48F2-8647-C1C4A4467B40}.Release|Any CPU.ActiveCfg = Release|Any CPU
		{09C8CD24-FFF0-48F2-8647-C1C4A4467B40}.Release|Any CPU.Build.0 = Release|Any CPU
		{9C680EE9-3004-4F0F-A997-F1371979703C}.Debug|Any CPU.ActiveCfg = Debug|Any CPU
		{9C680EE9-3004-4F0F-A997-F1371979703C}.Debug|Any CPU.Build.0 = Debug|Any CPU
		{9C680EE9-3004-4F0F-A997-F1371979703C}.Release|Any CPU.ActiveCfg = Release|Any CPU
		{9C680EE9-3004-4F0F-A997-F1371979703C}.Release|Any CPU.Build.0 = Release|Any CPU
		{F0940B23-3571-4752-AB6D-0124DBC80663}.Debug|Any CPU.ActiveCfg = Debug|Any CPU
		{F0940B23-3571-4752-AB6D-0124DBC80663}.Debug|Any CPU.Build.0 = Debug|Any CPU
		{F0940B23-3571-4752-AB6D-0124DBC80663}.Release|Any CPU.ActiveCfg = Release|Any CPU
		{F0940B23-3571-4752-AB6D-0124DBC80663}.Release|Any CPU.Build.0 = Release|Any CPU
		{7816BF2D-1D9A-429C-A5FA-C80513733A53}.Debug|Any CPU.ActiveCfg = Debug|Any CPU
		{7816BF2D-1D9A-429C-A5FA-C80513733A53}.Debug|Any CPU.Build.0 = Debug|Any CPU
		{7816BF2D-1D9A-429C-A5FA-C80513733A53}.Release|Any CPU.ActiveCfg = Release|Any CPU
		{7816BF2D-1D9A-429C-A5FA-C80513733A53}.Release|Any CPU.Build.0 = Release|Any CPU
		{CB4741C0-8B86-48E3-B423-D56A101622E4}.Debug|Any CPU.ActiveCfg = Debug|Any CPU
		{CB4741C0-8B86-48E3-B423-D56A101622E4}.Debug|Any CPU.Build.0 = Debug|Any CPU
		{CB4741C0-8B86-48E3-B423-D56A101622E4}.Release|Any CPU.ActiveCfg = Release|Any CPU
		{CB4741C0-8B86-48E3-B423-D56A101622E4}.Release|Any CPU.Build.0 = Release|Any CPU
		{861B903D-4FFC-426A-8FB2-531E8B4A3A94}.Debug|Any CPU.ActiveCfg = Debug|Any CPU
		{861B903D-4FFC-426A-8FB2-531E8B4A3A94}.Debug|Any CPU.Build.0 = Debug|Any CPU
		{861B903D-4FFC-426A-8FB2-531E8B4A3A94}.Release|Any CPU.ActiveCfg = Release|Any CPU
		{861B903D-4FFC-426A-8FB2-531E8B4A3A94}.Release|Any CPU.Build.0 = Release|Any CPU
		{41A67FD0-39EA-4CFB-ACA9-100714192F28}.Debug|Any CPU.ActiveCfg = Debug|Any CPU
		{41A67FD0-39EA-4CFB-ACA9-100714192F28}.Debug|Any CPU.Build.0 = Debug|Any CPU
		{41A67FD0-39EA-4CFB-ACA9-100714192F28}.Release|Any CPU.ActiveCfg = Release|Any CPU
		{41A67FD0-39EA-4CFB-ACA9-100714192F28}.Release|Any CPU.Build.0 = Release|Any CPU
		{D04649B6-253D-45BF-9C17-E6A4E6276778}.Debug|Any CPU.ActiveCfg = Debug|Any CPU
		{D04649B6-253D-45BF-9C17-E6A4E6276778}.Debug|Any CPU.Build.0 = Debug|Any CPU
		{D04649B6-253D-45BF-9C17-E6A4E6276778}.Release|Any CPU.ActiveCfg = Release|Any CPU
		{D04649B6-253D-45BF-9C17-E6A4E6276778}.Release|Any CPU.Build.0 = Release|Any CPU
		{29563E91-82DA-47CB-B582-D21E97FD820D}.Debug|Any CPU.ActiveCfg = Debug|Any CPU
		{29563E91-82DA-47CB-B582-D21E97FD820D}.Debug|Any CPU.Build.0 = Debug|Any CPU
		{29563E91-82DA-47CB-B582-D21E97FD820D}.Release|Any CPU.ActiveCfg = Release|Any CPU
		{29563E91-82DA-47CB-B582-D21E97FD820D}.Release|Any CPU.Build.0 = Release|Any CPU
		{6E9ACC4D-0E1A-4528-9F9E-4DB97B2C54B1}.Debug|Any CPU.ActiveCfg = Debug|Any CPU
		{6E9ACC4D-0E1A-4528-9F9E-4DB97B2C54B1}.Debug|Any CPU.Build.0 = Debug|Any CPU
		{6E9ACC4D-0E1A-4528-9F9E-4DB97B2C54B1}.Release|Any CPU.ActiveCfg = Release|Any CPU
		{6E9ACC4D-0E1A-4528-9F9E-4DB97B2C54B1}.Release|Any CPU.Build.0 = Release|Any CPU
		{88EF8003-60C8-43A4-ABF2-F3CDF1DB153C}.Debug|Any CPU.ActiveCfg = Debug|Any CPU
		{88EF8003-60C8-43A4-ABF2-F3CDF1DB153C}.Debug|Any CPU.Build.0 = Debug|Any CPU
		{88EF8003-60C8-43A4-ABF2-F3CDF1DB153C}.Release|Any CPU.ActiveCfg = Release|Any CPU
		{88EF8003-60C8-43A4-ABF2-F3CDF1DB153C}.Release|Any CPU.Build.0 = Release|Any CPU
		{DFF9EF69-9F4E-43BB-B5F3-36DBD2D91958}.Debug|Any CPU.ActiveCfg = Debug|Any CPU
		{DFF9EF69-9F4E-43BB-B5F3-36DBD2D91958}.Debug|Any CPU.Build.0 = Debug|Any CPU
		{DFF9EF69-9F4E-43BB-B5F3-36DBD2D91958}.Release|Any CPU.ActiveCfg = Release|Any CPU
		{DFF9EF69-9F4E-43BB-B5F3-36DBD2D91958}.Release|Any CPU.Build.0 = Release|Any CPU
		{5EAFC446-1006-4164-AC13-4D70ACA56C89}.Debug|Any CPU.ActiveCfg = Debug|Any CPU
		{5EAFC446-1006-4164-AC13-4D70ACA56C89}.Debug|Any CPU.Build.0 = Debug|Any CPU
		{5EAFC446-1006-4164-AC13-4D70ACA56C89}.Release|Any CPU.ActiveCfg = Release|Any CPU
		{5EAFC446-1006-4164-AC13-4D70ACA56C89}.Release|Any CPU.Build.0 = Release|Any CPU
		{CB5A3BCD-C920-48C0-8B15-751B94BF16AE}.Debug|Any CPU.ActiveCfg = Debug|Any CPU
		{CB5A3BCD-C920-48C0-8B15-751B94BF16AE}.Debug|Any CPU.Build.0 = Debug|Any CPU
		{CB5A3BCD-C920-48C0-8B15-751B94BF16AE}.Release|Any CPU.ActiveCfg = Release|Any CPU
		{CB5A3BCD-C920-48C0-8B15-751B94BF16AE}.Release|Any CPU.Build.0 = Release|Any CPU
		{39121BC4-50AB-4AB1-842A-FE956793983B}.Debug|Any CPU.ActiveCfg = Debug|Any CPU
		{39121BC4-50AB-4AB1-842A-FE956793983B}.Debug|Any CPU.Build.0 = Debug|Any CPU
		{39121BC4-50AB-4AB1-842A-FE956793983B}.Release|Any CPU.ActiveCfg = Release|Any CPU
		{39121BC4-50AB-4AB1-842A-FE956793983B}.Release|Any CPU.Build.0 = Release|Any CPU
		{AA5E98A5-8B33-4645-88ED-610745E74807}.Debug|Any CPU.ActiveCfg = Debug|Any CPU
		{AA5E98A5-8B33-4645-88ED-610745E74807}.Debug|Any CPU.Build.0 = Debug|Any CPU
		{AA5E98A5-8B33-4645-88ED-610745E74807}.Release|Any CPU.ActiveCfg = Release|Any CPU
		{AA5E98A5-8B33-4645-88ED-610745E74807}.Release|Any CPU.Build.0 = Release|Any CPU
		{E9E5A542-AE7A-432B-A7EA-B41D71BEFED1}.Debug|Any CPU.ActiveCfg = Debug|Any CPU
		{E9E5A542-AE7A-432B-A7EA-B41D71BEFED1}.Debug|Any CPU.Build.0 = Debug|Any CPU
		{E9E5A542-AE7A-432B-A7EA-B41D71BEFED1}.Release|Any CPU.ActiveCfg = Release|Any CPU
		{E9E5A542-AE7A-432B-A7EA-B41D71BEFED1}.Release|Any CPU.Build.0 = Release|Any CPU
		{1836236F-621C-4B24-AB7A-2D076C3C1C52}.Debug|Any CPU.ActiveCfg = Debug|Any CPU
		{1836236F-621C-4B24-AB7A-2D076C3C1C52}.Debug|Any CPU.Build.0 = Debug|Any CPU
		{1836236F-621C-4B24-AB7A-2D076C3C1C52}.Release|Any CPU.ActiveCfg = Release|Any CPU
		{1836236F-621C-4B24-AB7A-2D076C3C1C52}.Release|Any CPU.Build.0 = Release|Any CPU
		{DA9BFE2C-5D02-435B-BFA8-6E1B3C47AFD0}.Debug|Any CPU.ActiveCfg = Debug|Any CPU
		{DA9BFE2C-5D02-435B-BFA8-6E1B3C47AFD0}.Debug|Any CPU.Build.0 = Debug|Any CPU
		{DA9BFE2C-5D02-435B-BFA8-6E1B3C47AFD0}.Release|Any CPU.ActiveCfg = Release|Any CPU
		{DA9BFE2C-5D02-435B-BFA8-6E1B3C47AFD0}.Release|Any CPU.Build.0 = Release|Any CPU
	EndGlobalSection
	GlobalSection(SolutionProperties) = preSolution
		HideSolutionNode = FALSE
	EndGlobalSection
	GlobalSection(NestedProjects) = preSolution
		{B225B492-A38E-4094-BB60-1B128D91D312} = {CFFE1FF7-59F5-4DE9-A328-58203F6F7DF2}
		{27292A4C-D19D-48FA-8A39-45A3597C85B1} = {CFFE1FF7-59F5-4DE9-A328-58203F6F7DF2}
		{09C8CD24-FFF0-48F2-8647-C1C4A4467B40} = {CFFE1FF7-59F5-4DE9-A328-58203F6F7DF2}
		{9C680EE9-3004-4F0F-A997-F1371979703C} = {CFFE1FF7-59F5-4DE9-A328-58203F6F7DF2}
		{F0940B23-3571-4752-AB6D-0124DBC80663} = {CFFE1FF7-59F5-4DE9-A328-58203F6F7DF2}
		{7816BF2D-1D9A-429C-A5FA-C80513733A53} = {CFFE1FF7-59F5-4DE9-A328-58203F6F7DF2}
		{CB4741C0-8B86-48E3-B423-D56A101622E4} = {CFFE1FF7-59F5-4DE9-A328-58203F6F7DF2}
		{861B903D-4FFC-426A-8FB2-531E8B4A3A94} = {7D3ED201-392C-47DB-B601-B6B191378738}
		{41A67FD0-39EA-4CFB-ACA9-100714192F28} = {CFFE1FF7-59F5-4DE9-A328-58203F6F7DF2}
		{D04649B6-253D-45BF-9C17-E6A4E6276778} = {7D3ED201-392C-47DB-B601-B6B191378738}
		{29563E91-82DA-47CB-B582-D21E97FD820D} = {CFFE1FF7-59F5-4DE9-A328-58203F6F7DF2}
		{6E9ACC4D-0E1A-4528-9F9E-4DB97B2C54B1} = {CFFE1FF7-59F5-4DE9-A328-58203F6F7DF2}
		{88EF8003-60C8-43A4-ABF2-F3CDF1DB153C} = {7D3ED201-392C-47DB-B601-B6B191378738}
		{DFF9EF69-9F4E-43BB-B5F3-36DBD2D91958} = {CFFE1FF7-59F5-4DE9-A328-58203F6F7DF2}
		{5EAFC446-1006-4164-AC13-4D70ACA56C89} = {7D3ED201-392C-47DB-B601-B6B191378738}
		{39121BC4-50AB-4AB1-842A-FE956793983B} = {7D3ED201-392C-47DB-B601-B6B191378738}
		{1836236F-621C-4B24-AB7A-2D076C3C1C52} = {CFFE1FF7-59F5-4DE9-A328-58203F6F7DF2}
		{DA9BFE2C-5D02-435B-BFA8-6E1B3C47AFD0} = {CFFE1FF7-59F5-4DE9-A328-58203F6F7DF2}
	EndGlobalSection
	GlobalSection(ExtensibilityGlobals) = postSolution
		SolutionGuid = {F66CECBA-BE70-4EEE-8A27-2CB74D40D687}
	EndGlobalSection
EndGlobal
