
Microsoft Visual Studio Solution File, Format Version 12.00
# Visual Studio Version 16
VisualStudioVersion = 16.0.30114.105
MinimumVisualStudioVersion = 10.0.40219.1
Project("{FAE04EC0-301F-11D3-BF4B-00C04F79EFBC}") = "BaSta.Blazor", "BaSta.Blazor\BaSta.Blazor.csproj", "{463D2BE8-88C1-4A3E-9DC0-13890A8E229E}"
EndProject
Project("{FAE04EC0-301F-11D3-BF4B-00C04F79EFBC}") = "BaSta.Core", "BaSta.Core\BaSta.Core.csproj", "{B2795816-A4DC-4F1A-88A3-3FFCD860F071}"
EndProject
Project("{FAE04EC0-301F-11D3-BF4B-00C04F79EFBC}") = "BaSta.Game", "BaSta.Game\BaSta.Game.csproj", "{A664C5A7-E700-4364-B061-58B717760E52}"
EndProject
Project("{FAE04EC0-301F-11D3-BF4B-00C04F79EFBC}") = "BaSta.Layout", "BaSta.Layout\BaSta.Layout.csproj", "{D381D571-BE26-4FEA-B43A-F26BB0280656}"
EndProject
Project("{FAE04EC0-301F-11D3-BF4B-00C04F79EFBC}") = "BaSta.Scoreboard", "BaSta.Scoreboard\BaSta.Scoreboard.csproj", "{A333331C-2E92-4750-9CEF-D5178F2AFFC5}"
EndProject
Project("{FAE04EC0-301F-11D3-BF4B-00C04F79EFBC}") = "BaSta.Tests", "BaSta.Tests\BaSta.Tests.csproj", "{78F9F5D6-A1E3-4F3A-A926-D487C509FF57}"
EndProject
Project("{FAE04EC0-301F-11D3-BF4B-00C04F79EFBC}") = "BaSta.TimeSync", "BaSta.TimeSync\BaSta.TimeSync.csproj", "{7CAD7ADD-A9A6-426D-8C74-57B5A6824101}"
EndProject
Global
	GlobalSection(SolutionConfigurationPlatforms) = preSolution
		Debug|Any CPU = Debug|Any CPU
		Release|Any CPU = Release|Any CPU
	EndGlobalSection
	GlobalSection(SolutionProperties) = preSolution
		HideSolutionNode = FALSE
	EndGlobalSection
	GlobalSection(ProjectConfigurationPlatforms) = postSolution
		{463D2BE8-88C1-4A3E-9DC0-13890A8E229E}.Debug|Any CPU.ActiveCfg = Debug|Any CPU
		{463D2BE8-88C1-4A3E-9DC0-13890A8E229E}.Debug|Any CPU.Build.0 = Debug|Any CPU
		{463D2BE8-88C1-4A3E-9DC0-13890A8E229E}.Release|Any CPU.ActiveCfg = Release|Any CPU
		{463D2BE8-88C1-4A3E-9DC0-13890A8E229E}.Release|Any CPU.Build.0 = Release|Any CPU
		{B2795816-A4DC-4F1A-88A3-3FFCD860F071}.Debug|Any CPU.ActiveCfg = Debug|Any CPU
		{B2795816-A4DC-4F1A-88A3-3FFCD860F071}.Debug|Any CPU.Build.0 = Debug|Any CPU
		{B2795816-A4DC-4F1A-88A3-3FFCD860F071}.Release|Any CPU.ActiveCfg = Release|Any CPU
		{B2795816-A4DC-4F1A-88A3-3FFCD860F071}.Release|Any CPU.Build.0 = Release|Any CPU
		{A664C5A7-E700-4364-B061-58B717760E52}.Debug|Any CPU.ActiveCfg = Debug|Any CPU
		{A664C5A7-E700-4364-B061-58B717760E52}.Debug|Any CPU.Build.0 = Debug|Any CPU
		{A664C5A7-E700-4364-B061-58B717760E52}.Release|Any CPU.ActiveCfg = Release|Any CPU
		{A664C5A7-E700-4364-B061-58B717760E52}.Release|Any CPU.Build.0 = Release|Any CPU
		{D381D571-BE26-4FEA-B43A-F26BB0280656}.Debug|Any CPU.ActiveCfg = Debug|Any CPU
		{D381D571-BE26-4FEA-B43A-F26BB0280656}.Debug|Any CPU.Build.0 = Debug|Any CPU
		{D381D571-BE26-4FEA-B43A-F26BB0280656}.Release|Any CPU.ActiveCfg = Release|Any CPU
		{D381D571-BE26-4FEA-B43A-F26BB0280656}.Release|Any CPU.Build.0 = Release|Any CPU
		{A333331C-2E92-4750-9CEF-D5178F2AFFC5}.Debug|Any CPU.ActiveCfg = Debug|Any CPU
		{A333331C-2E92-4750-9CEF-D5178F2AFFC5}.Debug|Any CPU.Build.0 = Debug|Any CPU
		{A333331C-2E92-4750-9CEF-D5178F2AFFC5}.Release|Any CPU.ActiveCfg = Release|Any CPU
		{A333331C-2E92-4750-9CEF-D5178F2AFFC5}.Release|Any CPU.Build.0 = Release|Any CPU
		{78F9F5D6-A1E3-4F3A-A926-D487C509FF57}.Debug|Any CPU.ActiveCfg = Debug|Any CPU
		{78F9F5D6-A1E3-4F3A-A926-D487C509FF57}.Debug|Any CPU.Build.0 = Debug|Any CPU
		{78F9F5D6-A1E3-4F3A-A926-D487C509FF57}.Release|Any CPU.ActiveCfg = Release|Any CPU
		{78F9F5D6-A1E3-4F3A-A926-D487C509FF57}.Release|Any CPU.Build.0 = Release|Any CPU
		{7CAD7ADD-A9A6-426D-8C74-57B5A6824101}.Debug|Any CPU.ActiveCfg = Debug|Any CPU
		{7CAD7ADD-A9A6-426D-8C74-57B5A6824101}.Debug|Any CPU.Build.0 = Debug|Any CPU
		{7CAD7ADD-A9A6-426D-8C74-57B5A6824101}.Release|Any CPU.ActiveCfg = Release|Any CPU
		{7CAD7ADD-A9A6-426D-8C74-57B5A6824101}.Release|Any CPU.Build.0 = Release|Any CPU
	EndGlobalSection
EndGlobal
